
Microsoft Visual Studio Solution File, Format Version 12.00
# Visual Studio Version 16
VisualStudioVersion = 16.0.31025.194
MinimumVisualStudioVersion = 10.0.40219.1
Project("{FAE04EC0-301F-11D3-BF4B-00C04F79EFBC}") = "InboundExtensions", "InboundExtensions.csproj", "{60BB0353-6780-48D2-A767-F9420438EE43}"
EndProject
Project("{FAE04EC0-301F-11D3-BF4B-00C04F79EFBC}") = "InboundExtensions.Tests", "..\InboundExtensions.Tests\InboundExtensions.Tests.csproj", "{D04182D2-5468-4FD2-A717-82D1BD8FD7E8}"
EndProject
Global
	GlobalSection(SolutionConfigurationPlatforms) = preSolution
		Debug|Any CPU = Debug|Any CPU
		Release|Any CPU = Release|Any CPU
	EndGlobalSection
	GlobalSection(ProjectConfigurationPlatforms) = postSolution
		{60BB0353-6780-48D2-A767-F9420438EE43}.Debug|Any CPU.ActiveCfg = Debug|Any CPU
		{60BB0353-6780-48D2-A767-F9420438EE43}.Debug|Any CPU.Build.0 = Debug|Any CPU
		{60BB0353-6780-48D2-A767-F9420438EE43}.Release|Any CPU.ActiveCfg = Release|Any CPU
		{60BB0353-6780-48D2-A767-F9420438EE43}.Release|Any CPU.Build.0 = Release|Any CPU
		{D04182D2-5468-4FD2-A717-82D1BD8FD7E8}.Debug|Any CPU.ActiveCfg = Debug|Any CPU
		{D04182D2-5468-4FD2-A717-82D1BD8FD7E8}.Debug|Any CPU.Build.0 = Debug|Any CPU
		{D04182D2-5468-4FD2-A717-82D1BD8FD7E8}.Release|Any CPU.ActiveCfg = Release|Any CPU
		{D04182D2-5468-4FD2-A717-82D1BD8FD7E8}.Release|Any CPU.Build.0 = Release|Any CPU
	EndGlobalSection
	GlobalSection(SolutionProperties) = preSolution
		HideSolutionNode = FALSE
	EndGlobalSection
	GlobalSection(ExtensibilityGlobals) = postSolution
		SolutionGuid = {D19569E5-DABE-4590-840D-08B2F9DF068E}
	EndGlobalSection
EndGlobal
